
Microsoft Visual Studio Solution File, Format Version 12.00
# Visual Studio Version 16
VisualStudioVersion = 16.0.810.23
MinimumVisualStudioVersion = 10.0.40219.1
Project("{FAE04EC0-301F-11D3-BF4B-00C04F79EFBC}") = "ProjectTelephoneDirectory", "ProjectTelephoneDirectory\ProjectTelephoneDirectory.csproj", "{93B0004F-0DA7-4F0F-91B1-BF5C74103086}"
EndProject
Global
	GlobalSection(SolutionConfigurationPlatforms) = preSolution
		Debug|Any CPU = Debug|Any CPU
		Release|Any CPU = Release|Any CPU
	EndGlobalSection
	GlobalSection(ProjectConfigurationPlatforms) = postSolution
		{93B0004F-0DA7-4F0F-91B1-BF5C74103086}.Debug|Any CPU.ActiveCfg = Debug|Any CPU
		{93B0004F-0DA7-4F0F-91B1-BF5C74103086}.Debug|Any CPU.Build.0 = Debug|Any CPU
		{93B0004F-0DA7-4F0F-91B1-BF5C74103086}.Release|Any CPU.ActiveCfg = Release|Any CPU
		{93B0004F-0DA7-4F0F-91B1-BF5C74103086}.Release|Any CPU.Build.0 = Release|Any CPU
	EndGlobalSection
	GlobalSection(SolutionProperties) = preSolution
		HideSolutionNode = FALSE
	EndGlobalSection
	GlobalSection(ExtensibilityGlobals) = postSolution
		SolutionGuid = {17C9BC5C-921B-4F57-8FE5-59EAF2CFE05A}
	EndGlobalSection
EndGlobal
